
Microsoft Visual Studio Solution File, Format Version 12.00
# Visual Studio Version 17
VisualStudioVersion = 17.12.35527.113
MinimumVisualStudioVersion = 10.0.40219.1
Project("{FAE04EC0-301F-11D3-BF4B-00C04F79EFBC}") = "Librera-Search-Angular", "Librera-Search-Angular\Librera-Search-Angular.csproj", "{30D428ED-6123-4FB1-88CE-DDAE661A36FC}"
EndProject
Project("{00D1A9C2-B5F0-4AF3-8072-F6C62B433612}") = "Librera-Search-SQL", "Librera-Search-SQL\Librera-Search-SQL.sqlproj", "{A103FA2F-5F25-4633-8EBE-7671F9EC6A9D}"
EndProject
Project("{FAE04EC0-301F-11D3-BF4B-00C04F79EFBC}") = "LibreraSearch.WebAPI", "Librera-Search-WebAPI\LibreraSearch.WebAPI.csproj", "{7B33563D-20C8-62A9-26B9-FA6D030B760B}"
EndProject
Project("{FAE04EC0-301F-11D3-BF4B-00C04F79EFBC}") = "LibreraSearch.HangfireServer", "Librera-Search-Hangfire\LibreraSearch.HangfireServer.csproj", "{AA676D70-22C6-A1E3-86A6-E3D4594DBE0D}"
EndProject
Project("{FAE04EC0-301F-11D3-BF4B-00C04F79EFBC}") = "Librera-Indexer-ConsoleApp", "Librera-Indexer-ConsoleApp\Librera-Indexer-ConsoleApp.csproj", "{43C74207-5D42-4787-921C-7212F7D92384}"
EndProject
Project("{FAE04EC0-301F-11D3-BF4B-00C04F79EFBC}") = "LibreraSearch.Indexer", "LibreraSearch-Indexer\LibreraSearch.Indexer.csproj", "{D0901CD2-2F60-03F0-5463-2C92E3542874}"
EndProject
Project("{FAE04EC0-301F-11D3-BF4B-00C04F79EFBC}") = "LibreraSearch.Model", "LibreraSearch.Model\LibreraSearch.Model.csproj", "{9720D3D8-9719-49BC-BDB1-0C44C67D37CB}"
EndProject
Global
	GlobalSection(SolutionConfigurationPlatforms) = preSolution
		Debug|Any CPU = Debug|Any CPU
		Release|Any CPU = Release|Any CPU
	EndGlobalSection
	GlobalSection(ProjectConfigurationPlatforms) = postSolution
		{30D428ED-6123-4FB1-88CE-DDAE661A36FC}.Debug|Any CPU.ActiveCfg = Debug|Any CPU
		{30D428ED-6123-4FB1-88CE-DDAE661A36FC}.Debug|Any CPU.Build.0 = Debug|Any CPU
		{30D428ED-6123-4FB1-88CE-DDAE661A36FC}.Release|Any CPU.ActiveCfg = Release|Any CPU
		{30D428ED-6123-4FB1-88CE-DDAE661A36FC}.Release|Any CPU.Build.0 = Release|Any CPU
		{A103FA2F-5F25-4633-8EBE-7671F9EC6A9D}.Debug|Any CPU.ActiveCfg = Debug|Any CPU
		{A103FA2F-5F25-4633-8EBE-7671F9EC6A9D}.Debug|Any CPU.Build.0 = Debug|Any CPU
		{A103FA2F-5F25-4633-8EBE-7671F9EC6A9D}.Debug|Any CPU.Deploy.0 = Debug|Any CPU
		{A103FA2F-5F25-4633-8EBE-7671F9EC6A9D}.Release|Any CPU.ActiveCfg = Release|Any CPU
		{A103FA2F-5F25-4633-8EBE-7671F9EC6A9D}.Release|Any CPU.Build.0 = Release|Any CPU
		{A103FA2F-5F25-4633-8EBE-7671F9EC6A9D}.Release|Any CPU.Deploy.0 = Release|Any CPU
		{7B33563D-20C8-62A9-26B9-FA6D030B760B}.Debug|Any CPU.ActiveCfg = Debug|Any CPU
		{7B33563D-20C8-62A9-26B9-FA6D030B760B}.Debug|Any CPU.Build.0 = Debug|Any CPU
		{7B33563D-20C8-62A9-26B9-FA6D030B760B}.Release|Any CPU.ActiveCfg = Release|Any CPU
		{7B33563D-20C8-62A9-26B9-FA6D030B760B}.Release|Any CPU.Build.0 = Release|Any CPU
		{AA676D70-22C6-A1E3-86A6-E3D4594DBE0D}.Debug|Any CPU.ActiveCfg = Debug|Any CPU
		{AA676D70-22C6-A1E3-86A6-E3D4594DBE0D}.Debug|Any CPU.Build.0 = Debug|Any CPU
		{AA676D70-22C6-A1E3-86A6-E3D4594DBE0D}.Release|Any CPU.ActiveCfg = Release|Any CPU
		{AA676D70-22C6-A1E3-86A6-E3D4594DBE0D}.Release|Any CPU.Build.0 = Release|Any CPU
		{43C74207-5D42-4787-921C-7212F7D92384}.Debug|Any CPU.ActiveCfg = Debug|Any CPU
		{43C74207-5D42-4787-921C-7212F7D92384}.Debug|Any CPU.Build.0 = Debug|Any CPU
		{43C74207-5D42-4787-921C-7212F7D92384}.Release|Any CPU.ActiveCfg = Release|Any CPU
		{43C74207-5D42-4787-921C-7212F7D92384}.Release|Any CPU.Build.0 = Release|Any CPU
		{D0901CD2-2F60-03F0-5463-2C92E3542874}.Debug|Any CPU.ActiveCfg = Debug|Any CPU
		{D0901CD2-2F60-03F0-5463-2C92E3542874}.Debug|Any CPU.Build.0 = Debug|Any CPU
		{D0901CD2-2F60-03F0-5463-2C92E3542874}.Release|Any CPU.ActiveCfg = Release|Any CPU
		{D0901CD2-2F60-03F0-5463-2C92E3542874}.Release|Any CPU.Build.0 = Release|Any CPU
		{9720D3D8-9719-49BC-BDB1-0C44C67D37CB}.Debug|Any CPU.ActiveCfg = Debug|Any CPU
		{9720D3D8-9719-49BC-BDB1-0C44C67D37CB}.Debug|Any CPU.Build.0 = Debug|Any CPU
		{9720D3D8-9719-49BC-BDB1-0C44C67D37CB}.Release|Any CPU.ActiveCfg = Release|Any CPU
		{9720D3D8-9719-49BC-BDB1-0C44C67D37CB}.Release|Any CPU.Build.0 = Release|Any CPU
	EndGlobalSection
	GlobalSection(SolutionProperties) = preSolution
		HideSolutionNode = FALSE
	EndGlobalSection
	GlobalSection(ExtensibilityGlobals) = postSolution
		SolutionGuid = {16D009B1-686A-4F47-97C5-8D334931D0FE}
	EndGlobalSection
EndGlobal
