Microsoft Visual Studio Solution File, Format Version 12.00
# Visual Studio Version 17
VisualStudioVersion = 17.5.2.0
MinimumVisualStudioVersion = 10.0.40219.1
Project("{FAE04EC0-301F-11D3-BF4B-00C04F79EFBC}") = "ASP.NETCore.TutorialsWebAPI", "ASP.NETCore.TutorialsWebAPI.csproj", "{27270A72-6E7F-30B6-6D0F-7EAD041DC66C}"
EndProject
Global
	GlobalSection(SolutionConfigurationPlatforms) = preSolution
		Debug|Any CPU = Debug|Any CPU
		Release|Any CPU = Release|Any CPU
	EndGlobalSection
	GlobalSection(ProjectConfigurationPlatforms) = postSolution
		{27270A72-6E7F-30B6-6D0F-7EAD041DC66C}.Debug|Any CPU.ActiveCfg = Debug|Any CPU
		{27270A72-6E7F-30B6-6D0F-7EAD041DC66C}.Debug|Any CPU.Build.0 = Debug|Any CPU
		{27270A72-6E7F-30B6-6D0F-7EAD041DC66C}.Release|Any CPU.ActiveCfg = Release|Any CPU
		{27270A72-6E7F-30B6-6D0F-7EAD041DC66C}.Release|Any CPU.Build.0 = Release|Any CPU
	EndGlobalSection
	GlobalSection(SolutionProperties) = preSolution
		HideSolutionNode = FALSE
	EndGlobalSection
	GlobalSection(ExtensibilityGlobals) = postSolution
		SolutionGuid = {91AB0170-6381-46F2-9AA1-95C8A641E695}
	EndGlobalSection
EndGlobal
